version = 1
revision = 3
requires-python = "==3.12.*"

[[package]]
name = "bilbo-eval-l1"
version = "0.1.0"
source = { virtual = "." }
dependencies = [
    { name = "bm25s" },
    { name = "ir-measures" },
    { name = "numpy" },
    { name = "pystemmer" },
]

[package.metadata]
requires-dist = [
    { name = "bm25s", specifier = "==0.3.11" },
    { name = "ir-measures", specifier = "==0.4.3" },
    { name = "numpy", specifier = "==2.5.3" },
    { name = "pystemmer", specifier = "==3.1.0" },
]

[[package]]
name = "bm25s"
version = "0.3.11"
source = { registry = "https://pypi.org/simple" }
dependencies = [
    { name = "numpy" },
]
sdist = { url = "https://files.pythonhosted.org/packages/a4/f6/38a4eb22be0c715aa9bc290e44a48bbdf7a27cffa7f85914fd10242442e4/bm25s-0.3.11.tar.gz", hash = "sha256:8ae0f0707d279969829383c7aaeef00fb09ca343101160222571d6bfc969f889", size = 80978, upload-time = "2026-08-25T03:14:57.502Z" }
wheels = [
    { url = "https://files.pythonhosted.org/packages/41/d9/bb770dabb7e0edeb2c949460a05c38df7f4f564a1693a778352fb0d213b0/bm25s-0.3.11-py3-none-any.whl", hash = "sha256:3d1d28badb299d6fc9324111e5c8276927e990b908607b39ff9bd65b102e9a24", size = 74985, upload-time = "2026-08-25T03:14:56.051Z" },
]

[[package]]
name = "ir-measures"
version = "0.4.3"
source = { registry = "https://pypi.org/simple" }
dependencies = [
    { name = "pytrec-eval-terrier" },
]
sdist = { url = "https://files.pythonhosted.org/packages/81/b4/d931aa71a73353cf0b8446b3d7ce9ed789e7fe595778d7e061e86faea28d/ir_measures-0.4.3.tar.gz", hash = "sha256:869a6019efefb02dda8b77ca0f68d6d57b01fe34998a46c76425b9fbb396e827", size = 51224, upload-time = "2025-11-25T17:36:52.06Z" }
wheels = [
    { url = "https://files.pythonhosted.org/packages/76/62/15199767ad9f1e3f793dec253ba6f662cb36e7197fc647bc844a6ecb99bf/ir_measures-0.4.3-py3-none-any.whl", hash = "sha256:3d8b3b5283e4a77df85f9f6c8a1c2c99a7421b78fa014ef97f2ddab3037d3dcf", size = 61311, upload-time = "2025-11-25T17:36:51.183Z" },
]

[[package]]
name = "numpy"
version = "2.5.3"
source = { registry = "https://pypi.org/simple" }
sdist = { url = "https://files.pythonhosted.org/packages/13/01/11703282db468b85f6f7b8c7f22d058de5970d5c7e60a3a8aaa313c3de36/numpy-2.5.3.tar.gz", hash = "sha256:df2d5874ff183595a4ba404edd04f6bd9b5505c1d7708573f6a6c17489a67563", size = 20791231, upload-time = "2026-09-06T16:27:47.073Z" }
wheels = [
    { url = "https://files.pythonhosted.org/packages/d6/50/8fdbb16af64895706a45f06a4068e29db732ec180f3c1375f14123359138/numpy-2.5.3-cp312-cp312-macosx_10_13_x86_64.whl", hash = "sha256:cb189f09db39283b26bfd061ec16189e14f71c6755207f72a0f7540867afe5b9", size = 16994982, upload-time = "2026-09-06T16:24:29.244Z" },
    { url = "https://files.pythonhosted.org/packages/60/39/789131c1188c078dcb3a1692e72e1e050c68b88ffe72c9ccaac9bcd7a9cd/numpy-2.5.3-cp312-cp312-macosx_11_0_arm64.whl", hash = "sha256:f59a878c33d6b88122d80d239bb3b845d58708750b0cb06a09aebb9b18ec696c", size = 12009327, upload-time = "2026-09-06T16:24:32.491Z" },
    { url = "https://files.pythonhosted.org/packages/9c/59/a312e95696e5f601914dd8b6dd844692ba61670807417e24b68e337b5c70/numpy-2.5.3-cp312-cp312-macosx_14_0_arm64.whl", hash = "sha256:a72f874bc9e10e4b8f80426fb49716d5141f64442a0c8418065093ec8017fbb0", size = 5445405, upload-time = "2026-09-06T16:24:35.071Z" },
    { url = "https://files.pythonhosted.org/packages/30/d0/5623a1707ed4fe16e3909fe3cf5ee3da004ae677ad23d83bbf3adf1a6faf/numpy-2.5.3-cp312-cp312-macosx_14_0_x86_64.whl", hash = "sha256:fc36dc566135b5eceec4cf89758fcb719266a019ef07dae1754ae7c9f617ef3e", size = 6783213, upload-time = "2026-09-06T16:24:37.253Z" },
    { url = "https://files.pythonhosted.org/packages/f1/32/84146fc020ad3c25f805f70ab60da46fe3c540a21369754a7e4369754b6f/numpy-2.5.3-cp312-cp312-manylinux_2_27_aarch64.manylinux_2_28_aarch64.whl", hash = "sha256:76c2c1e6bfa5c84adc6434dfbf013aa92096a7985221762c8f11fedfd20fff58", size = 15687872, upload-time = "2026-09-06T16:24:39.751Z" },
    { url = "https://files.pythonhosted.org/packages/65/af/aa78d1a88805456e212b65461354cd943197fb9acecc4c90fd12295123a3/numpy-2.5.3-cp312-cp312-manylinux_2_27_x86_64.manylinux_2_28_x86_64.whl", hash = "sha256:b7e18c623bb5c95acb3b3328861272816ba199fb531921c5d6d0b675f1fde9e3", size = 16717410, upload-time = "2026-09-06T16:24:42.745Z" },
    { url = "https://files.pythonhosted.org/packages/3b/24/faa79d865e69a97ba17473b23a1b74094b2259c03e820c70297293b9ea49/numpy-2.5.3-cp312-cp312-musllinux_1_2_aarch64.whl", hash = "sha256:4f8929ee6c96bfbd7b4ed2032e0c03af86fe1826740ab61ddabf9072d06e57ff", size = 17040975, upload-time = "2026-09-06T16:24:45.961Z" },
    { url = "https://files.pythonhosted.org/packages/62/4a/8877e629445a7176297dffcaf9c485faa96a95d81728a62521ad55bd4c0f/numpy-2.5.3-cp312-cp312-musllinux_1_2_x86_64.whl", hash = "sha256:b5d93cf48f687479941d12b69c873ad2cc76bbd487f0091c2200636497f34034", size = 18476479, upload-time = "2026-09-06T16:24:49.35Z" },
    { url = "https://files.pythonhosted.org/packages/c8/db/35e1c2d38b04cbd5b731f9d71495e055e813197669d22b612f11748d2ff9/numpy-2.5.3-cp312-cp312-win32.whl", hash = "sha256:bf63afbe037eb5d2fe87fbcc7778e61da53ebaf21d938a4515aa73b62532a5d4", size = 6133378, upload-time = "2026-09-06T16:24:51.915Z" },
    { url = "https://files.pythonhosted.org/packages/3c/a1/accf6d4f0c80c5d9ba9735d6b1550e444180599f34dec69ca01360f717ad/numpy-2.5.3-cp312-cp312-win_amd64.whl", hash = "sha256:0a59a421a32580a009e8a1751345bf829631b990dc1794b80514ab722b435def", size = 12567828, upload-time = "2026-09-06T16:24:54.255Z" },
    { url = "https://files.pythonhosted.org/packages/22/43/1764aff32e4652526ae2f71fa8b3efd8d25c8a3d6926914454e47138ed1e/numpy-2.5.3-cp312-cp312-win_arm64.whl", hash = "sha256:ccb32e0525d29e8b0572eb84c9a57af0e7a4e615726927506f55063c62414034", size = 10485432, upload-time = "2026-09-06T16:24:57.278Z" },
]

[[package]]
name = "pystemmer"
version = "3.1.0"
source = { registry = "https://pypi.org/simple" }
sdist = { url = "https://files.pythonhosted.org/packages/78/95/bb893462b08db211b248f6b1aaa0dc07d068dc86f180178bc9072fef86bb/pystemmer-3.1.0.tar.gz", hash = "sha256:083cc3ed90f4c3b0668f8e31c2925cbb4db3bf0fd6d710e0ad0914f33685f7df", size = 302551, upload-time = "2026-05-22T11:23:44.581Z" }
wheels = [
    { url = "https://files.pythonhosted.org/packages/cb/0a/4a6a42cf93c26a8449573249f2ddbaf027b8d84beb3cb6da536f0b4a033f/pystemmer-3.1.0-cp312-cp312-macosx_10_13_x86_64.whl", hash = "sha256:a85fd3afc08a0aba9142d92c85df87a127faab787619941bb1c433dadfbbbb53", size = 242185, upload-time = "2026-05-22T11:14:08.951Z" },
    { url = "https://files.pythonhosted.org/packages/f4/5a/cace8a3b00dfeb8497d240ed4ca34d38d22c47bb90de302bcb8e5fb6bd35/pystemmer-3.1.0-cp312-cp312-macosx_11_0_arm64.whl", hash = "sha256:b40b669f121949bbbd97fe77a2606d46b14df9fcadabc9539982398772592ac4", size = 247353, upload-time = "2026-05-22T11:14:10.609Z" },
    { url = "https://files.pythonhosted.org/packages/06/55/78699a2621a472be98bae7fb36bdda610b7d1c8bcd8ff448301230260cf9/pystemmer-3.1.0-cp312-cp312-manylinux1_x86_64.manylinux_2_28_x86_64.manylinux_2_5_x86_64.whl", hash = "sha256:550bd609aa8dc324033eb1c8d34bfd68649183bbdab871ff534332dcafdc5e5a", size = 752410, upload-time = "2026-05-22T11:14:12.075Z" },
    { url = "https://files.pythonhosted.org/packages/67/63/e3937ac1df5243e94bde11fc1e57584480de419587f46a4badf5088e7ca6/pystemmer-3.1.0-cp312-cp312-manylinux2014_aarch64.manylinux_2_17_aarch64.manylinux_2_28_aarch64.whl", hash = "sha256:7c6db50dd5e92a2a0acf2b2cec55fddcff3928bf490e26d0c45bc0483272a46c", size = 761062, upload-time = "2026-05-22T11:14:13.78Z" },
    { url = "https://files.pythonhosted.org/packages/e7/63/1f7ef438e19029025fc73fe95480d0dbb2ff323f1aec9c087ad9eb952afb/pystemmer-3.1.0-cp312-cp312-musllinux_1_2_aarch64.whl", hash = "sha256:b86b0b14634788060cab98ad0cae023620aa7b29f9155e8b474632fc80793405", size = 756304, upload-time = "2026-05-22T11:14:15.419Z" },
    { url = "https://files.pythonhosted.org/packages/ad/5e/816d59b780aa552c87a7e25148005f41be18193482b122d67c6235741b31/pystemmer-3.1.0-cp312-cp312-musllinux_1_2_x86_64.whl", hash = "sha256:6a1289aa31f5f613a31916e7d4e6eaf6b0e6e70a3d494bf08b1d999a0aaf458e", size = 754520, upload-time = "2026-05-22T11:14:16.754Z" },
    { url = "https://files.pythonhosted.org/packages/4f/bc/58abda8bf0f87c18804a2ebfe05091417d121b3dde08a57e87aab8509fa4/pystemmer-3.1.0-cp312-cp312-win32.whl", hash = "sha256:2bab76be269302075cb892be2b884ae3c2ae22dd3d8fbcf20e01d969243719d0", size = 157476, upload-time = "2026-05-22T11:14:18.024Z" },
    { url = "https://files.pythonhosted.org/packages/e0/b9/785aff6e2ca5947bc7139ec320df0510f02ae2bbb625d534245a8fcda549/pystemmer-3.1.0-cp312-cp312-win_amd64.whl", hash = "sha256:805ac25b73d54200026ef4733a516d3b5a7598644454d5eb161f4ba73e43c9be", size = 225133, upload-time = "2026-05-22T11:14:19.219Z" },
    { url = "https://files.pythonhosted.org/packages/2a/81/0c5cabf4a6f92c1c42d248366b6d967be1da6ee75a993e2a1834620c5226/pystemmer-3.1.0-cp312-cp312-win_arm64.whl", hash = "sha256:ab2dfe428ef626eec34e5360d20a04c41cc14fd70a96e9866902d19dc27cc5b9", size = 226532, upload-time = "2026-05-22T11:14:20.818Z" },
]

[[package]]
name = "pytrec-eval-terrier"
version = "0.5.10"
source = { registry = "https://pypi.org/simple" }
dependencies = [
    { name = "numpy" },
    { name = "scipy" },
]
sdist = { url = "https://files.pythonhosted.org/packages/04/96/4925a95e4865a647bc74d3bb052243d12a3c8e8a34909d7d097b5a4d08c5/pytrec_eval_terrier-0.5.10.tar.gz", hash = "sha256:eaaf20580d17b5575a233e04dab8a4cbcc01a7e45be8cf547c07f0a2bb3e7eb9", size = 18634, upload-time = "2025-10-20T16:50:18.098Z" }
wheels = [
    { url = "https://files.pythonhosted.org/packages/d3/ca/f0edd9df08c08c96d2f088c298cfb824c3ee816302ac1f911ecb1bfdd681/pytrec_eval_terrier-0.5.10-cp312-cp312-macosx_10_13_universal2.whl", hash = "sha256:e28c3c14728713cdbad165964e2d1aba96b0fc7445a5a13168b398e9bd3bbd08", size = 137179, upload-time = "2025-10-20T16:51:07.809Z" },
    { url = "https://files.pythonhosted.org/packages/73/55/e02a14b0d3ac520849f66391f03c6783b3383fd23a19372d07a2280b815e/pytrec_eval_terrier-0.5.10-cp312-cp312-manylinux_2_24_x86_64.manylinux_2_28_x86_64.whl", hash = "sha256:689ee541d72c27d14ae15cd1f11d2cb86cf9bdc880f5e8af9c5dbbdd47663d4d", size = 304845, upload-time = "2025-10-20T16:54:17.791Z" },
    { url = "https://files.pythonhosted.org/packages/76/9c/9020b700199b09ebdfc6dbadae81641a49555c4ee21dedbe2aa98af601b5/pytrec_eval_terrier-0.5.10-cp312-cp312-musllinux_1_2_x86_64.whl", hash = "sha256:3f02118dadd3c09b71462bb26e405e49bd10fe0c60bcc169fcd31454a4256dc2", size = 1327965, upload-time = "2025-10-20T16:54:18.743Z" },
    { url = "https://files.pythonhosted.org/packages/39/9e/6e7c2b89f52e1cebeef6c3bb47272f5bd69766ddbc6e9e5445da0c876899/pytrec_eval_terrier-0.5.10-cp312-cp312-win_amd64.whl", hash = "sha256:202e48fe24948453fe45dcd73261f9865f99cb2ff4c8a3255ac2ab4c993a64ba", size = 58641, upload-time = "2025-10-20T16:51:26.148Z" },
]

[[package]]
name = "scipy"
version = "1.18.1"
source = { registry = "https://pypi.org/simple" }
dependencies = [
    { name = "numpy" },
]
sdist = { url = "https://files.pythonhosted.org/packages/7e/74/66de6258867beb2ef08f35f9f2ac017a52cacd5081714d239ff1a442d458/scipy-1.18.1.tar.gz", hash = "sha256:52c4b7422442aba924d03ad4019852b08a92e64ea187b933135687bfe2747307", size = 30781235, upload-time = "2026-08-21T23:28:50.599Z" }
wheels = [
    { url = "https://files.pythonhosted.org/packages/18/f7/240c110c08693826b4513a52f5717d62ec7c7af72f2920821247c03b17b3/scipy-1.18.1-cp312-cp312-macosx_10_15_x86_64.whl", hash = "sha256:457fd7a2a8edeb044ab6ffbc0aa03ff6cd18491356e5e0c834d76ce621b916d1", size = 31111061, upload-time = "2026-08-21T23:23:44.522Z" },
    { url = "https://files.pythonhosted.org/packages/05/4a/78c6285577c375e7cf27277ea8ee6961224327f1e1a0c44af5f17f23635c/scipy-1.18.1-cp312-cp312-macosx_12_0_arm64.whl", hash = "sha256:e708533e8b2ae2497d65346538a7dcc92814410b25b81432eac66de0f2af8265", size = 28733332, upload-time = "2026-08-21T23:23:50.015Z" },
    { url = "https://files.pythonhosted.org/packages/a5/f6/a5b82f8abbe14d134691b8b903696f701d25a081353a29dc655c364d9e62/scipy-1.18.1-cp312-cp312-macosx_14_0_arm64.whl", hash = "sha256:7bbf207c4453ce1ad2e00b17313852b33310b83090c2311bdaf97f93c0380d12", size = 20475078, upload-time = "2026-08-21T23:23:54.138Z" },
    { url = "https://files.pythonhosted.org/packages/23/22/0858a0bbd6b3e825ceb8cd9baf9eaf3b2f2b1d77727eb6be40500bcdc92f/scipy-1.18.1-cp312-cp312-macosx_14_0_x86_64.whl", hash = "sha256:78c0665edead396b1abb4897c41a5c1d9bf090c8a637a4c20a61678e0a264e66", size = 23108904, upload-time = "2026-08-21T23:23:57.824Z" },
    { url = "https://files.pythonhosted.org/packages/75/9a/2e71719f31eaefe0e3a1706c4a1ded94e664bfd95ffca2b219a671faee01/scipy-1.18.1-cp312-cp312-manylinux_2_27_aarch64.manylinux_2_28_aarch64.whl", hash = "sha256:3c085faa2cfa879c5141df483f836f4d691045a078224a670fa570fa01612d89", size = 34025113, upload-time = "2026-08-21T23:24:02.209Z" },
    { url = "https://files.pythonhosted.org/packages/df/64/ff35eb9e54894cf471ff4716abd3c81eb0a0626869217ce3e6ba4ccf17d7/scipy-1.18.1-cp312-cp312-manylinux_2_27_x86_64.manylinux_2_28_x86_64.whl", hash = "sha256:f55fa87b6c612ecd6b058f167c53231b1d14e412efe361d3d6e38b3631c73218", size = 35344199, upload-time = "2026-08-21T23:24:07.844Z" },
    { url = "https://files.pythonhosted.org/packages/d3/af/c5538be1792f7034c12c7db6ee67cace58253c7b87b122d68253eaf5de89/scipy-1.18.1-cp312-cp312-musllinux_1_2_aarch64.whl", hash = "sha256:c35d74ce0e193ff740c2f2be2ac913ddc232fe6c1ff40b26cfecb9c670c63314", size = 35639587, upload-time = "2026-08-21T23:24:13.05Z" },
    { url = "https://files.pythonhosted.org/packages/91/4c/075e4f66471bac101141ac739e9e135549be1bae584571bd03a530c056e1/scipy-1.18.1-cp312-cp312-musllinux_1_2_x86_64.whl", hash = "sha256:d2924a03db38dc2e848bca2fe9f077dafb891480b91a00a0963a8cf86dfc31c1", size = 37480330, upload-time = "2026-08-21T23:24:19.608Z" },
    { url = "https://files.pythonhosted.org/packages/39/e7/979fd14e75008623df31ba70d6bb144700f68feadcea042021c06a05bf82/scipy-1.18.1-cp312-cp312-win_amd64.whl", hash = "sha256:5e4d44984abc0020154ea81b247adeddcc3ac5527b975ff798bd1ba0adc513c2", size = 36658278, upload-time = "2026-08-21T23:24:25.463Z" },
    { url = "https://files.pythonhosted.org/packages/c7/0b/e1525354ff9d7d5feb6d1b31af6d14072e5c91e9607b421fa1ec889660b3/scipy-1.18.1-cp312-cp312-win_arm64.whl", hash = "sha256:d65d448389b8436493abcf629cc94ad0cf32aecaf06e1acca1de53cc795f2f12", size = 24400588, upload-time = "2026-08-21T23:24:30.579Z" },
]
